
Microsoft Visual Studio Solution File, Format Version 12.00
# Visual Studio Version 16
VisualStudioVersion = 16.0.31205.134
MinimumVisualStudioVersion = 10.0.40219.1
Project("{FAE04EC0-301F-11D3-BF4B-00C04F79EFBC}") = "DriverTest1", "DriverTest1.csproj", "{61C77CBA-02B1-451C-8904-52855C9FD0B9}"
EndProject
Global
	GlobalSection(SolutionConfigurationPlatforms) = preSolution
		Debug|Any CPU = Debug|Any CPU
		Release|Any CPU = Release|Any CPU
	EndGlobalSection
	GlobalSection(ProjectConfigurationPlatforms) = postSolution
		{61C77CBA-02B1-451C-8904-52855C9FD0B9}.Debug|Any CPU.ActiveCfg = Debug|Any CPU
		{61C77CBA-02B1-451C-8904-52855C9FD0B9}.Debug|Any CPU.Build.0 = Debug|Any CPU
		{61C77CBA-02B1-451C-8904-52855C9FD0B9}.Release|Any CPU.ActiveCfg = Release|Any CPU
		{61C77CBA-02B1-451C-8904-52855C9FD0B9}.Release|Any CPU.Build.0 = Release|Any CPU
	EndGlobalSection
	GlobalSection(SolutionProperties) = preSolution
		HideSolutionNode = FALSE
	EndGlobalSection
	GlobalSection(ExtensibilityGlobals) = postSolution
		SolutionGuid = {88AE8F91-0E8F-4A7A-A5B3-0FF9B4A0FCA9}
	EndGlobalSection
EndGlobal
